{
    "_readme": [
        "This file locks the dependencies of your project to a known state",
        "Read more about it at https://getcomposer.org/doc/01-basic-usage.md#installing-dependencies",
        "This file is @generated automatically"
    ],
    "content-hash": "186b04256b3edc11586365dd7c334907",
    "packages": [
        {
            "name": "guzzlehttp/guzzle",
            "version": "7.9.x-dev",
            "source": {
                "type": "git",
                "url": "https://github.com/guzzle/guzzle.git",
                "reference": "1ee81e5fc8613ba1ad0b095f40e17c119dd4cc93"
            },
            "dist": {
                "type": "zip",
                "url": "https://api.github.com/repos/guzzle/guzzle/zipball/1ee81e5fc8613ba1ad0b095f40e17c119dd4cc93",
                "reference": "1ee81e5fc8613ba1ad0b095f40e17c119dd4cc93",
                "shasum": ""
            },
            "require": {
                "ext-json": "*",
                "guzzlehttp/promises": "^1.5.3 || ^2.0.1",
                "guzzlehttp/psr7": "^1.9.1 || ^2.5.1",
                "php": "^7.2.5 || ^8.0",
                "psr/http-client": "^1.0",
                "symfony/deprecation-contracts": "^2.2 || ^3.0"
            },
            "provide": {
                "psr/http-client-implementation": "1.0"
            },
            "require-dev": {
                "bamarni/composer-bin-plugin": "^1.8.2",
                "ext-curl": "*",
                "guzzle/client-integration-tests": "3.0.2",
                "php-http/message-factory": "^1.1",
                "phpunit/phpunit": "^8.5.36 || ^9.6.15",
                "psr/log": "^1.1 || ^2.0 || ^3.0"
            },
            "suggest": {
                "ext-curl": "Required for CURL handler support",
                "ext-intl": "Required for Internationalized Domain Name (IDN) support",
                "psr/log": "Required for using the Log middleware"
            },
            "type": "library",
            "extra": {
                "bamarni-bin": {
                    "bin-links": true,
                    "forward-command": false
                }
            },
            "autoload": {
                "files": [
                    "src/functions_include.php"
                ],
                "psr-4": {
                    "GuzzleHttp\\": "src/"
                }
            },
            "notification-url": "https://packagist.org/downloads/",
            "license": [
                "MIT"
            ],
            "authors": [
                {
                    "name": "Graham Campbell",
                    "email": "hello@gjcampbell.co.uk",
                    "homepage": "https://github.com/GrahamCampbell"
                },
                {
                    "name": "Michael Dowling",
                    "email": "mtdowling@gmail.com",
                    "homepage": "https://github.com/mtdowling"
                },
                {
                    "name": "Jeremy Lindblom",
                    "email": "jeremeamia@gmail.com",
                    "homepage": "https://github.com/jeremeamia"
                },
                {
                    "name": "George Mponos",
                    "email": "gmponos@gmail.com",
                    "homepage": "https://github.com/gmponos"
                },
                {
                    "name": "Tobias Nyholm",
                    "email": "tobias.nyholm@gmail.com",
                    "homepage": "https://github.com/Nyholm"
                },
                {
                    "name": "Márk Sági-Kazár",
                    "email": "mark.sagikazar@gmail.com",
                    "homepage": "https://github.com/sagikazarmark"
                },
                {
                    "name": "Tobias Schultze",
                    "email": "webmaster@tubo-world.de",
                    "homepage": "https://github.com/Tobion"
                }
            ],
            "description": "Guzzle is a PHP HTTP client library",
            "keywords": [
                "client",
                "curl",
                "framework",
                "http",
                "http client",
                "psr-18",
                "psr-7",
                "rest",
                "web service"
            ],
            "support": {
                "issues": "https://github.com/guzzle/guzzle/issues",
                "source": "https://github.com/guzzle/guzzle/tree/7.9"
            },
            "funding": [
                {
                    "url": "https://github.com/GrahamCampbell",
                    "type": "github"
                },
                {
                    "url": "https://github.com/Nyholm",
                    "type": "github"
                },
                {
                    "url": "https://tidelift.com/funding/github/packagist/guzzlehttp/guzzle",
                    "type": "tidelift"
                }
            ],
            "time": "2024-03-31T19:57:34+00:00"
        },
        {
            "name": "guzzlehttp/promises",
            "version": "2.0.x-dev",
            "source": {
                "type": "git",
                "url": "https://github.com/guzzle/promises.git",
                "reference": "ab801747cbf7d394d4d435c34364704f9bf048e6"
            },
            "dist": {
                "type": "zip",
                "url": "https://api.github.com/repos/guzzle/promises/zipball/ab801747cbf7d394d4d435c34364704f9bf048e6",
                "reference": "ab801747cbf7d394d4d435c34364704f9bf048e6",
                "shasum": ""
            },
            "require": {
                "php": "^7.2.5 || ^8.0"
            },
            "require-dev": {
                "bamarni/composer-bin-plugin": "^1.8.2",
                "phpunit/phpunit": "^8.5.36 || ^9.6.15"
            },
            "default-branch": true,
            "type": "library",
            "extra": {
                "bamarni-bin": {
                    "bin-links": true,
                    "forward-command": false
                }
            },
            "autoload": {
                "psr-4": {
                    "GuzzleHttp\\Promise\\": "src/"
                }
            },
            "notification-url": "https://packagist.org/downloads/",
            "license": [
                "MIT"
            ],
            "authors": [
                {
                    "name": "Graham Campbell",
                    "email": "hello@gjcampbell.co.uk",
                    "homepage": "https://github.com/GrahamCampbell"
                },
                {
                    "name": "Michael Dowling",
                    "email": "mtdowling@gmail.com",
                    "homepage": "https://github.com/mtdowling"
                },
                {
                    "name": "Tobias Nyholm",
                    "email": "tobias.nyholm@gmail.com",
                    "homepage": "https://github.com/Nyholm"
                },
                {
                    "name": "Tobias Schultze",
                    "email": "webmaster@tubo-world.de",
                    "homepage": "https://github.com/Tobion"
                }
            ],
            "description": "Guzzle promises library",
            "keywords": [
                "promise"
            ],
            "support": {
                "issues": "https://github.com/guzzle/promises/issues",
                "source": "https://github.com/guzzle/promises/tree/2.0"
            },
            "funding": [
                {
                    "url": "https://github.com/GrahamCampbell",
                    "type": "github"
                },
                {
                    "url": "https://github.com/Nyholm",
                    "type": "github"
                },
                {
                    "url": "https://tidelift.com/funding/github/packagist/guzzlehttp/promises",
                    "type": "tidelift"
                }
            ],
            "time": "2024-03-31T10:06:07+00:00"
        },
        {
            "name": "guzzlehttp/psr7",
            "version": "2.6.x-dev",
            "source": {
                "type": "git",
                "url": "https://github.com/guzzle/psr7.git",
                "reference": "a243f80a1ca7fe8ceed4deee17f12c1930efe662"
            },
            "dist": {
                "type": "zip",
                "url": "https://api.github.com/repos/guzzle/psr7/zipball/a243f80a1ca7fe8ceed4deee17f12c1930efe662",
                "reference": "a243f80a1ca7fe8ceed4deee17f12c1930efe662",
                "shasum": ""
            },
            "require": {
                "php": "^7.2.5 || ^8.0",
                "psr/http-factory": "^1.0",
                "psr/http-message": "^1.1 || ^2.0",
                "ralouphie/getallheaders": "^3.0"
            },
            "provide": {
                "psr/http-factory-implementation": "1.0",
                "psr/http-message-implementation": "1.0"
            },
            "require-dev": {
                "bamarni/composer-bin-plugin": "^1.8.2",
                "http-interop/http-factory-tests": "^0.9",
                "phpunit/phpunit": "^8.5.36 || ^9.6.15"
            },
            "suggest": {
                "laminas/laminas-httphandlerrunner": "Emit PSR-7 responses"
            },
            "default-branch": true,
            "type": "library",
            "extra": {
                "bamarni-bin": {
                    "bin-links": true,
                    "forward-command": false
                }
            },
            "autoload": {
                "psr-4": {
                    "GuzzleHttp\\Psr7\\": "src/"
                }
            },
            "notification-url": "https://packagist.org/downloads/",
            "license": [
                "MIT"
            ],
            "authors": [
                {
                    "name": "Graham Campbell",
                    "email": "hello@gjcampbell.co.uk",
                    "homepage": "https://github.com/GrahamCampbell"
                },
                {
                    "name": "Michael Dowling",
                    "email": "mtdowling@gmail.com",
                    "homepage": "https://github.com/mtdowling"
                },
                {
                    "name": "George Mponos",
                    "email": "gmponos@gmail.com",
                    "homepage": "https://github.com/gmponos"
                },
                {
                    "name": "Tobias Nyholm",
                    "email": "tobias.nyholm@gmail.com",
                    "homepage": "https://github.com/Nyholm"
                },
                {
                    "name": "Márk Sági-Kazár",
                    "email": "mark.sagikazar@gmail.com",
                    "homepage": "https://github.com/sagikazarmark"
                },
                {
                    "name": "Tobias Schultze",
                    "email": "webmaster@tubo-world.de",
                    "homepage": "https://github.com/Tobion"
                },
                {
                    "name": "Márk Sági-Kazár",
                    "email": "mark.sagikazar@gmail.com",
                    "homepage": "https://sagikazarmark.hu"
                }
            ],
            "description": "PSR-7 message implementation that also provides common utility methods",
            "keywords": [
                "http",
                "message",
                "psr-7",
                "request",
                "response",
                "stream",
                "uri",
                "url"
            ],
            "support": {
                "issues": "https://github.com/guzzle/psr7/issues",
                "source": "https://github.com/guzzle/psr7/tree/2.6"
            },
            "funding": [
                {
                    "url": "https://github.com/GrahamCampbell",
                    "type": "github"
                },
                {
                    "url": "https://github.com/Nyholm",
                    "type": "github"
                },
                {
                    "url": "https://tidelift.com/funding/github/packagist/guzzlehttp/psr7",
                    "type": "tidelift"
                }
            ],
            "time": "2024-03-31T10:09:24+00:00"
        },
        {
            "name": "gz/tp-common",
            "version": "dev-main",
            "source": {
                "type": "git",
                "url": "https://github.com/851947523/tpCommon.git",
                "reference": "824dd497ca565010db59ed875d93b50640945631"
            },
            "dist": {
                "type": "zip",
                "url": "https://api.github.com/repos/851947523/tpCommon/zipball/824dd497ca565010db59ed875d93b50640945631",
                "reference": "824dd497ca565010db59ed875d93b50640945631",
                "shasum": ""
            },
            "require": {
                "gz/utools": "dev-main",
                "qiniu/php-sdk": "^7.12"
            },
            "default-branch": true,
            "type": "library",
            "autoload": {
                "psr-4": {
                    "Gz\\TpCommon\\": "src/"
                }
            },
            "notification-url": "https://packagist.org/downloads/",
            "license": [
                "MIT"
            ],
            "authors": [
                {
                    "name": "gaozhe",
                    "email": "851947523@qq.com"
                }
            ],
            "support": {
                "issues": "https://github.com/851947523/tpCommon/issues",
                "source": "https://github.com/851947523/tpCommon/tree/main"
            },
            "time": "2024-04-07T15:49:04+00:00"
        },
        {
            "name": "gz/utools",
            "version": "dev-main",
            "source": {
                "type": "git",
                "url": "https://github.com/851947523/utools.git",
                "reference": "29e162b3e1fa903da534e27191d1200768bc181a"
            },
            "dist": {
                "type": "zip",
                "url": "https://api.github.com/repos/851947523/utools/zipball/29e162b3e1fa903da534e27191d1200768bc181a",
                "reference": "29e162b3e1fa903da534e27191d1200768bc181a",
                "shasum": ""
            },
            "require": {
                "guzzlehttp/guzzle": "^7.8"
            },
            "default-branch": true,
            "type": "library",
            "autoload": {
                "psr-4": {
                    "Gz\\Utools\\": "src/"
                }
            },
            "notification-url": "https://packagist.org/downloads/",
            "license": [
                "MIT"
            ],
            "authors": [
                {
                    "name": "gaozhe",
                    "email": "851947523@qq.com"
                }
            ],
            "description": "常用工具类",
            "support": {
                "issues": "https://github.com/851947523/utools/issues",
                "source": "https://github.com/851947523/utools/tree/main"
            },
            "time": "2024-04-08T05:54:27+00:00"
        },
        {
            "name": "myclabs/php-enum",
            "version": "1.8.4",
            "source": {
                "type": "git",
                "url": "https://github.com/myclabs/php-enum.git",
                "reference": "a867478eae49c9f59ece437ae7f9506bfaa27483"
            },
            "dist": {
                "type": "zip",
                "url": "https://api.github.com/repos/myclabs/php-enum/zipball/a867478eae49c9f59ece437ae7f9506bfaa27483",
                "reference": "a867478eae49c9f59ece437ae7f9506bfaa27483",
                "shasum": ""
            },
            "require": {
                "ext-json": "*",
                "php": "^7.3 || ^8.0"
            },
            "require-dev": {
                "phpunit/phpunit": "^9.5",
                "squizlabs/php_codesniffer": "1.*",
                "vimeo/psalm": "^4.6.2"
            },
            "type": "library",
            "autoload": {
                "psr-4": {
                    "MyCLabs\\Enum\\": "src/"
                },
                "classmap": [
                    "stubs/Stringable.php"
                ]
            },
            "notification-url": "https://packagist.org/downloads/",
            "license": [
                "MIT"
            ],
            "authors": [
                {
                    "name": "PHP Enum contributors",
                    "homepage": "https://github.com/myclabs/php-enum/graphs/contributors"
                }
            ],
            "description": "PHP Enum implementation",
            "homepage": "http://github.com/myclabs/php-enum",
            "keywords": [
                "enum"
            ],
            "support": {
                "issues": "https://github.com/myclabs/php-enum/issues",
                "source": "https://github.com/myclabs/php-enum/tree/1.8.4"
            },
            "funding": [
                {
                    "url": "https://github.com/mnapoli",
                    "type": "github"
                },
                {
                    "url": "https://tidelift.com/funding/github/packagist/myclabs/php-enum",
                    "type": "tidelift"
                }
            ],
            "time": "2022-08-04T09:53:51+00:00"
        },
        {
            "name": "psr/container",
            "version": "dev-master",
            "source": {
                "type": "git",
                "url": "https://github.com/php-fig/container.git",
                "reference": "707984727bd5b2b670e59559d3ed2500240cf875"
            },
            "dist": {
                "type": "zip",
                "url": "https://api.github.com/repos/php-fig/container/zipball/707984727bd5b2b670e59559d3ed2500240cf875",
                "reference": "707984727bd5b2b670e59559d3ed2500240cf875",
                "shasum": ""
            },
            "require": {
                "php": ">=7.4.0"
            },
            "default-branch": true,
            "type": "library",
            "extra": {
                "branch-alias": {
                    "dev-master": "2.0.x-dev"
                }
            },
            "autoload": {
                "psr-4": {
                    "Psr\\Container\\": "src/"
                }
            },
            "notification-url": "https://packagist.org/downloads/",
            "license": [
                "MIT"
            ],
            "authors": [
                {
                    "name": "PHP-FIG",
                    "homepage": "https://www.php-fig.org/"
                }
            ],
            "description": "Common Container Interface (PHP FIG PSR-11)",
            "homepage": "https://github.com/php-fig/container",
            "keywords": [
                "PSR-11",
                "container",
                "container-interface",
                "container-interop",
                "psr"
            ],
            "support": {
                "issues": "https://github.com/php-fig/container/issues",
                "source": "https://github.com/php-fig/container"
            },
            "time": "2023-09-22T11:11:30+00:00"
        },
        {
            "name": "psr/http-client",
            "version": "dev-master",
            "source": {
                "type": "git",
                "url": "https://github.com/php-fig/http-client.git",
                "reference": "bb5906edc1c324c9a05aa0873d40117941e5fa90"
            },
            "dist": {
                "type": "zip",
                "url": "https://api.github.com/repos/php-fig/http-client/zipball/bb5906edc1c324c9a05aa0873d40117941e5fa90",
                "reference": "bb5906edc1c324c9a05aa0873d40117941e5fa90",
                "shasum": ""
            },
            "require": {
                "php": "^7.0 || ^8.0",
                "psr/http-message": "^1.0 || ^2.0"
            },
            "default-branch": true,
            "type": "library",
            "extra": {
                "branch-alias": {
                    "dev-master": "1.0.x-dev"
                }
            },
            "autoload": {
                "psr-4": {
                    "Psr\\Http\\Client\\": "src/"
                }
            },
            "notification-url": "https://packagist.org/downloads/",
            "license": [
                "MIT"
            ],
            "authors": [
                {
                    "name": "PHP-FIG",
                    "homepage": "https://www.php-fig.org/"
                }
            ],
            "description": "Common interface for HTTP clients",
            "homepage": "https://github.com/php-fig/http-client",
            "keywords": [
                "http",
                "http-client",
                "psr",
                "psr-18"
            ],
            "support": {
                "source": "https://github.com/php-fig/http-client"
            },
            "time": "2023-09-23T14:17:50+00:00"
        },
        {
            "name": "psr/http-factory",
            "version": "dev-master",
            "source": {
                "type": "git",
                "url": "https://github.com/php-fig/http-factory.git",
                "reference": "7037f4b0950474e9d1350e8df89b15f1842085f6"
            },
            "dist": {
                "type": "zip",
                "url": "https://api.github.com/repos/php-fig/http-factory/zipball/7037f4b0950474e9d1350e8df89b15f1842085f6",
                "reference": "7037f4b0950474e9d1350e8df89b15f1842085f6",
                "shasum": ""
            },
            "require": {
                "php": ">=7.0.0",
                "psr/http-message": "^1.0 || ^2.0"
            },
            "default-branch": true,
            "type": "library",
            "extra": {
                "branch-alias": {
                    "dev-master": "1.0.x-dev"
                }
            },
            "autoload": {
                "psr-4": {
                    "Psr\\Http\\Message\\": "src/"
                }
            },
            "notification-url": "https://packagist.org/downloads/",
            "license": [
                "MIT"
            ],
            "authors": [
                {
                    "name": "PHP-FIG",
                    "homepage": "https://www.php-fig.org/"
                }
            ],
            "description": "PSR-17: Common interfaces for PSR-7 HTTP message factories",
            "keywords": [
                "factory",
                "http",
                "message",
                "psr",
                "psr-17",
                "psr-7",
                "request",
                "response"
            ],
            "support": {
                "source": "https://github.com/php-fig/http-factory"
            },
            "time": "2023-09-22T11:16:44+00:00"
        },
        {
            "name": "psr/http-message",
            "version": "1.1",
            "source": {
                "type": "git",
                "url": "https://github.com/php-fig/http-message.git",
                "reference": "cb6ce4845ce34a8ad9e68117c10ee90a29919eba"
            },
            "dist": {
                "type": "zip",
                "url": "https://api.github.com/repos/php-fig/http-message/zipball/cb6ce4845ce34a8ad9e68117c10ee90a29919eba",
                "reference": "cb6ce4845ce34a8ad9e68117c10ee90a29919eba",
                "shasum": ""
            },
            "require": {
                "php": "^7.2 || ^8.0"
            },
            "type": "library",
            "extra": {
                "branch-alias": {
                    "dev-master": "1.1.x-dev"
                }
            },
            "autoload": {
                "psr-4": {
                    "Psr\\Http\\Message\\": "src/"
                }
            },
            "notification-url": "https://packagist.org/downloads/",
            "license": [
                "MIT"
            ],
            "authors": [
                {
                    "name": "PHP-FIG",
                    "homepage": "http://www.php-fig.org/"
                }
            ],
            "description": "Common interface for HTTP messages",
            "homepage": "https://github.com/php-fig/http-message",
            "keywords": [
                "http",
                "http-message",
                "psr",
                "psr-7",
                "request",
                "response"
            ],
            "support": {
                "source": "https://github.com/php-fig/http-message/tree/1.1"
            },
            "time": "2023-04-04T09:50:52+00:00"
        },
        {
            "name": "psr/log",
            "version": "dev-master",
            "source": {
                "type": "git",
                "url": "https://github.com/php-fig/log.git",
                "reference": "fe5ea303b0887d5caefd3d431c3e61ad47037001"
            },
            "dist": {
                "type": "zip",
                "url": "https://api.github.com/repos/php-fig/log/zipball/fe5ea303b0887d5caefd3d431c3e61ad47037001",
                "reference": "fe5ea303b0887d5caefd3d431c3e61ad47037001",
                "shasum": ""
            },
            "require": {
                "php": ">=8.0.0"
            },
            "default-branch": true,
            "type": "library",
            "extra": {
                "branch-alias": {
                    "dev-master": "3.x-dev"
                }
            },
            "autoload": {
                "psr-4": {
                    "Psr\\Log\\": "src"
                }
            },
            "notification-url": "https://packagist.org/downloads/",
            "license": [
                "MIT"
            ],
            "authors": [
                {
                    "name": "PHP-FIG",
                    "homepage": "https://www.php-fig.org/"
                }
            ],
            "description": "Common interface for logging libraries",
            "homepage": "https://github.com/php-fig/log",
            "keywords": [
                "log",
                "psr",
                "psr-3"
            ],
            "support": {
                "source": "https://github.com/php-fig/log/tree/3.0.0"
            },
            "time": "2021-07-14T16:46:02+00:00"
        },
        {
            "name": "psr/simple-cache",
            "version": "dev-master",
            "source": {
                "type": "git",
                "url": "https://github.com/php-fig/simple-cache.git",
                "reference": "2d280c2aaa23a120f35d55cfde8581954a8e77fa"
            },
            "dist": {
                "type": "zip",
                "url": "https://api.github.com/repos/php-fig/simple-cache/zipball/2d280c2aaa23a120f35d55cfde8581954a8e77fa",
                "reference": "2d280c2aaa23a120f35d55cfde8581954a8e77fa",
                "shasum": ""
            },
            "require": {
                "php": ">=8.0.0"
            },
            "default-branch": true,
            "type": "library",
            "extra": {
                "branch-alias": {
                    "dev-master": "3.0.x-dev"
                }
            },
            "autoload": {
                "psr-4": {
                    "Psr\\SimpleCache\\": "src/"
                }
            },
            "notification-url": "https://packagist.org/downloads/",
            "license": [
                "MIT"
            ],
            "authors": [
                {
                    "name": "PHP-FIG",
                    "homepage": "https://www.php-fig.org/"
                }
            ],
            "description": "Common interfaces for simple caching",
            "keywords": [
                "cache",
                "caching",
                "psr",
                "psr-16",
                "simple-cache"
            ],
            "support": {
                "source": "https://github.com/php-fig/simple-cache/tree/master"
            },
            "time": "2022-04-08T16:41:45+00:00"
        },
        {
            "name": "qiniu/php-sdk",
            "version": "v7.12.1",
            "source": {
                "type": "git",
                "url": "https://github.com/qiniu/php-sdk.git",
                "reference": "88952a65e97b4c2fae3f954bc4419ba14e42f154"
            },
            "dist": {
                "type": "zip",
                "url": "https://api.github.com/repos/qiniu/php-sdk/zipball/88952a65e97b4c2fae3f954bc4419ba14e42f154",
                "reference": "88952a65e97b4c2fae3f954bc4419ba14e42f154",
                "shasum": ""
            },
            "require": {
                "myclabs/php-enum": "~1.5.2 || ~1.6.6 || ~1.7.7 || ~1.8.4",
                "php": ">=5.3.3"
            },
            "require-dev": {
                "paragonie/random_compat": ">=2",
                "phpunit/phpunit": "^4.8 || ^5.0 || ^6.0 || ^7.0 || ^8.0 || ^9.3.4",
                "squizlabs/php_codesniffer": "^2.3 || ~3.6"
            },
            "type": "library",
            "autoload": {
                "files": [
                    "src/Qiniu/functions.php",
                    "src/Qiniu/Http/Middleware/Middleware.php"
                ],
                "psr-4": {
                    "Qiniu\\": "src/Qiniu"
                }
            },
            "notification-url": "https://packagist.org/downloads/",
            "license": [
                "MIT"
            ],
            "authors": [
                {
                    "name": "Qiniu",
                    "email": "sdk@qiniu.com",
                    "homepage": "http://www.qiniu.com"
                }
            ],
            "description": "Qiniu Resource (Cloud) Storage SDK for PHP",
            "homepage": "http://developer.qiniu.com/",
            "keywords": [
                "cloud",
                "qiniu",
                "sdk",
                "storage"
            ],
            "support": {
                "issues": "https://github.com/qiniu/php-sdk/issues",
                "source": "https://github.com/qiniu/php-sdk/tree/v7.12.1"
            },
            "time": "2024-03-12T07:03:12+00:00"
        },
        {
            "name": "ralouphie/getallheaders",
            "version": "3.0.3",
            "source": {
                "type": "git",
                "url": "https://github.com/ralouphie/getallheaders.git",
                "reference": "120b605dfeb996808c31b6477290a714d356e822"
            },
            "dist": {
                "type": "zip",
                "url": "https://api.github.com/repos/ralouphie/getallheaders/zipball/120b605dfeb996808c31b6477290a714d356e822",
                "reference": "120b605dfeb996808c31b6477290a714d356e822",
                "shasum": ""
            },
            "require": {
                "php": ">=5.6"
            },
            "require-dev": {
                "php-coveralls/php-coveralls": "^2.1",
                "phpunit/phpunit": "^5 || ^6.5"
            },
            "type": "library",
            "autoload": {
                "files": [
                    "src/getallheaders.php"
                ]
            },
            "notification-url": "https://packagist.org/downloads/",
            "license": [
                "MIT"
            ],
            "authors": [
                {
                    "name": "Ralph Khattar",
                    "email": "ralph.khattar@gmail.com"
                }
            ],
            "description": "A polyfill for getallheaders.",
            "support": {
                "issues": "https://github.com/ralouphie/getallheaders/issues",
                "source": "https://github.com/ralouphie/getallheaders/tree/develop"
            },
            "time": "2019-03-08T08:55:37+00:00"
        },
        {
            "name": "symfony/deprecation-contracts",
            "version": "dev-main",
            "source": {
                "type": "git",
                "url": "https://github.com/symfony/deprecation-contracts.git",
                "reference": "2c438b99bb2753c1628c1e6f523991edea5b03a4"
            },
            "dist": {
                "type": "zip",
                "url": "https://api.github.com/repos/symfony/deprecation-contracts/zipball/2c438b99bb2753c1628c1e6f523991edea5b03a4",
                "reference": "2c438b99bb2753c1628c1e6f523991edea5b03a4",
                "shasum": ""
            },
            "require": {
                "php": ">=8.1"
            },
            "default-branch": true,
            "type": "library",
            "extra": {
                "branch-alias": {
                    "dev-main": "3.5-dev"
                },
                "thanks": {
                    "name": "symfony/contracts",
                    "url": "https://github.com/symfony/contracts"
                }
            },
            "autoload": {
                "files": [
                    "function.php"
                ]
            },
            "notification-url": "https://packagist.org/downloads/",
            "license": [
                "MIT"
            ],
            "authors": [
                {
                    "name": "Nicolas Grekas",
                    "email": "p@tchwork.com"
                },
                {
                    "name": "Symfony Community",
                    "homepage": "https://symfony.com/contributors"
                }
            ],
            "description": "A generic function and convention to trigger deprecation notices",
            "homepage": "https://symfony.com",
            "support": {
                "source": "https://github.com/symfony/deprecation-contracts/tree/main"
            },
            "funding": [
                {
                    "url": "https://symfony.com/sponsor",
                    "type": "custom"
                },
                {
                    "url": "https://github.com/fabpot",
                    "type": "github"
                },
                {
                    "url": "https://tidelift.com/funding/github/packagist/symfony/symfony",
                    "type": "tidelift"
                }
            ],
            "time": "2024-01-02T14:07:37+00:00"
        },
        {
            "name": "topthink/framework",
            "version": "8.0.x-dev",
            "source": {
                "type": "git",
                "url": "https://github.com/top-think/framework.git",
                "reference": "aa334db11af944d114d2ec79cd986554ed80c274"
            },
            "dist": {
                "type": "zip",
                "url": "https://api.github.com/repos/top-think/framework/zipball/aa334db11af944d114d2ec79cd986554ed80c274",
                "reference": "aa334db11af944d114d2ec79cd986554ed80c274",
                "shasum": ""
            },
            "require": {
                "ext-json": "*",
                "ext-mbstring": "*",
                "php": ">=8.0.0",
                "psr/container": "^2.0",
                "psr/http-message": "^1.0",
                "psr/log": "^1.0|^2.0|^3.0",
                "psr/simple-cache": "^1.0|^2.0|^3.0",
                "topthink/think-helper": "^3.1",
                "topthink/think-orm": "^3.0"
            },
            "require-dev": {
                "guzzlehttp/psr7": "^2.1.0",
                "mikey179/vfsstream": "^1.6",
                "mockery/mockery": "^1.2",
                "phpunit/phpunit": "^9.5"
            },
            "default-branch": true,
            "type": "library",
            "autoload": {
                "files": [],
                "psr-4": {
                    "think\\": "src/think/"
                }
            },
            "notification-url": "https://packagist.org/downloads/",
            "license": [
                "Apache-2.0"
            ],
            "authors": [
                {
                    "name": "liu21st",
                    "email": "liu21st@gmail.com"
                },
                {
                    "name": "yunwuxin",
                    "email": "448901948@qq.com"
                }
            ],
            "description": "The ThinkPHP Framework.",
            "homepage": "http://thinkphp.cn/",
            "keywords": [
                "framework",
                "orm",
                "thinkphp"
            ],
            "support": {
                "issues": "https://github.com/top-think/framework/issues",
                "source": "https://github.com/top-think/framework/tree/8.0"
            },
            "time": "2024-03-14T02:55:41+00:00"
        },
        {
            "name": "topthink/think-helper",
            "version": "v3.1.6",
            "source": {
                "type": "git",
                "url": "https://github.com/top-think/think-helper.git",
                "reference": "769acbe50a4274327162f9c68ec2e89a38eb2aff"
            },
            "dist": {
                "type": "zip",
                "url": "https://api.github.com/repos/top-think/think-helper/zipball/769acbe50a4274327162f9c68ec2e89a38eb2aff",
                "reference": "769acbe50a4274327162f9c68ec2e89a38eb2aff",
                "shasum": ""
            },
            "require": {
                "php": ">=7.1.0"
            },
            "require-dev": {
                "phpunit/phpunit": "^9.5"
            },
            "type": "library",
            "autoload": {
                "files": [
                    "src/helper.php"
                ],
                "psr-4": {
                    "think\\": "src"
                }
            },
            "notification-url": "https://packagist.org/downloads/",
            "license": [
                "Apache-2.0"
            ],
            "authors": [
                {
                    "name": "yunwuxin",
                    "email": "448901948@qq.com"
                }
            ],
            "description": "The ThinkPHP6 Helper Package",
            "support": {
                "issues": "https://github.com/top-think/think-helper/issues",
                "source": "https://github.com/top-think/think-helper/tree/v3.1.6"
            },
            "time": "2021-12-15T04:27:55+00:00"
        },
        {
            "name": "topthink/think-migration",
            "version": "3.1.x-dev",
            "source": {
                "type": "git",
                "url": "https://github.com/top-think/think-migration.git",
                "reference": "22c44058e1454f3af1d346e7f6524fbe654de7fb"
            },
            "dist": {
                "type": "zip",
                "url": "https://api.github.com/repos/top-think/think-migration/zipball/22c44058e1454f3af1d346e7f6524fbe654de7fb",
                "reference": "22c44058e1454f3af1d346e7f6524fbe654de7fb",
                "shasum": ""
            },
            "require": {
                "php": ">=7.2",
                "topthink/framework": "^6.0 || ^8.0",
                "topthink/think-helper": "^3.0.3"
            },
            "require-dev": {
                "composer/composer": "^2.5.8",
                "fzaninotto/faker": "^1.8",
                "robmorgan/phinx": "^0.13.4"
            },
            "suggest": {
                "fzaninotto/faker": "Required to use the factory builder (^1.8)."
            },
            "default-branch": true,
            "type": "library",
            "extra": {
                "think": {
                    "services": [
                        "think\\migration\\Service"
                    ]
                }
            },
            "autoload": {
                "psr-4": {
                    "Phinx\\": "phinx",
                    "think\\migration\\": "src"
                }
            },
            "notification-url": "https://packagist.org/downloads/",
            "license": [
                "Apache-2.0"
            ],
            "authors": [
                {
                    "name": "yunwuxin",
                    "email": "448901948@qq.com"
                }
            ],
            "support": {
                "issues": "https://github.com/top-think/think-migration/issues",
                "source": "https://github.com/top-think/think-migration/tree/v3.1.1"
            },
            "time": "2023-09-14T05:51:31+00:00"
        },
        {
            "name": "topthink/think-orm",
            "version": "3.0.x-dev",
            "source": {
                "type": "git",
                "url": "https://github.com/top-think/think-orm.git",
                "reference": "e35f497efaa3eb58d95d75405b69aaeba0466523"
            },
            "dist": {
                "type": "zip",
                "url": "https://api.github.com/repos/top-think/think-orm/zipball/e35f497efaa3eb58d95d75405b69aaeba0466523",
                "reference": "e35f497efaa3eb58d95d75405b69aaeba0466523",
                "shasum": ""
            },
            "require": {
                "ext-json": "*",
                "ext-pdo": "*",
                "php": ">=8.0.0",
                "psr/log": ">=1.0",
                "psr/simple-cache": ">=1.0",
                "topthink/think-helper": "^3.1"
            },
            "require-dev": {
                "phpunit/phpunit": "^8|^9.5|^10"
            },
            "default-branch": true,
            "type": "library",
            "autoload": {
                "files": [
                    "stubs/load_stubs.php"
                ],
                "psr-4": {
                    "think\\": "src"
                }
            },
            "notification-url": "https://packagist.org/downloads/",
            "license": [
                "Apache-2.0"
            ],
            "authors": [
                {
                    "name": "liu21st",
                    "email": "liu21st@gmail.com"
                }
            ],
            "description": "the PHP Database&ORM Framework",
            "keywords": [
                "database",
                "orm"
            ],
            "support": {
                "issues": "https://github.com/top-think/think-orm/issues",
                "source": "https://github.com/top-think/think-orm/tree/3.0"
            },
            "time": "2024-02-26T12:02:29+00:00"
        }
    ],
    "packages-dev": [],
    "aliases": [],
    "minimum-stability": "dev",
    "stability-flags": {
        "gz/tp-common": 20
    },
    "prefer-stable": false,
    "prefer-lowest": false,
    "platform": {
        "php": ">=8.2"
    },
    "platform-dev": [],
    "plugin-api-version": "2.0.0"
}
